
Microsoft Visual Studio Solution File, Format Version 12.00
# Visual Studio Version 17
VisualStudioVersion = 17.8.34511.84
MinimumVisualStudioVersion = 10.0.40219.1
Project("{9A19103F-16F7-4668-BE54-9A1E7A4F7556}") = "BootcampMVC", "BootcampMVC\BootcampMVC.csproj", "{4BB3BB2A-78B1-4D29-90AA-0F2F2188BB1F}"
EndProject
Project("{9A19103F-16F7-4668-BE54-9A1E7A4F7556}") = "EfCore", "EfCore\EfCore.csproj", "{D04637CF-E483-4006-8B32-B91477DAFF0D}"
EndProject
Project("{9A19103F-16F7-4668-BE54-9A1E7A4F7556}") = "BloggApp", "BloggApp\BloggApp.csproj", "{A81E0F24-DB5A-4F38-A7ED-E8BCB40CC738}"
EndProject
Project("{9A19103F-16F7-4668-BE54-9A1E7A4F7556}") = "IdentityApp", "IdentityApp\IdentityApp.csproj", "{DB37CAAC-3797-4637-8F74-FB0CCF068276}"
EndProject
Project("{9A19103F-16F7-4668-BE54-9A1E7A4F7556}") = "ProductAPI", "ProductAPI\ProductAPI.csproj", "{BD38B712-E90B-493E-9F2E-6D09111D524E}"
EndProject
Project("{FAE04EC0-301F-11D3-BF4B-00C04F79EFBC}") = "ProductClientApp", "ProductClientApp\ProductClientApp.csproj", "{B7545ADB-3FF0-4B5D-A9BE-AEE1D4FD63DA}"
EndProject
Global
	GlobalSection(SolutionConfigurationPlatforms) = preSolution
		Debug|Any CPU = Debug|Any CPU
		Release|Any CPU = Release|Any CPU
	EndGlobalSection
	GlobalSection(ProjectConfigurationPlatforms) = postSolution
		{4BB3BB2A-78B1-4D29-90AA-0F2F2188BB1F}.Debug|Any CPU.ActiveCfg = Debug|Any CPU
		{4BB3BB2A-78B1-4D29-90AA-0F2F2188BB1F}.Debug|Any CPU.Build.0 = Debug|Any CPU
		{4BB3BB2A-78B1-4D29-90AA-0F2F2188BB1F}.Release|Any CPU.ActiveCfg = Release|Any CPU
		{4BB3BB2A-78B1-4D29-90AA-0F2F2188BB1F}.Release|Any CPU.Build.0 = Release|Any CPU
		{D04637CF-E483-4006-8B32-B91477DAFF0D}.Debug|Any CPU.ActiveCfg = Debug|Any CPU
		{D04637CF-E483-4006-8B32-B91477DAFF0D}.Debug|Any CPU.Build.0 = Debug|Any CPU
		{D04637CF-E483-4006-8B32-B91477DAFF0D}.Release|Any CPU.ActiveCfg = Release|Any CPU
		{D04637CF-E483-4006-8B32-B91477DAFF0D}.Release|Any CPU.Build.0 = Release|Any CPU
		{A81E0F24-DB5A-4F38-A7ED-E8BCB40CC738}.Debug|Any CPU.ActiveCfg = Debug|Any CPU
		{A81E0F24-DB5A-4F38-A7ED-E8BCB40CC738}.Debug|Any CPU.Build.0 = Debug|Any CPU
		{A81E0F24-DB5A-4F38-A7ED-E8BCB40CC738}.Release|Any CPU.ActiveCfg = Release|Any CPU
		{A81E0F24-DB5A-4F38-A7ED-E8BCB40CC738}.Release|Any CPU.Build.0 = Release|Any CPU
		{DB37CAAC-3797-4637-8F74-FB0CCF068276}.Debug|Any CPU.ActiveCfg = Debug|Any CPU
		{DB37CAAC-3797-4637-8F74-FB0CCF068276}.Debug|Any CPU.Build.0 = Debug|Any CPU
		{DB37CAAC-3797-4637-8F74-FB0CCF068276}.Release|Any CPU.ActiveCfg = Release|Any CPU
		{DB37CAAC-3797-4637-8F74-FB0CCF068276}.Release|Any CPU.Build.0 = Release|Any CPU
		{BD38B712-E90B-493E-9F2E-6D09111D524E}.Debug|Any CPU.ActiveCfg = Debug|Any CPU
		{BD38B712-E90B-493E-9F2E-6D09111D524E}.Debug|Any CPU.Build.0 = Debug|Any CPU
		{BD38B712-E90B-493E-9F2E-6D09111D524E}.Release|Any CPU.ActiveCfg = Release|Any CPU
		{BD38B712-E90B-493E-9F2E-6D09111D524E}.Release|Any CPU.Build.0 = Release|Any CPU
		{B7545ADB-3FF0-4B5D-A9BE-AEE1D4FD63DA}.Debug|Any CPU.ActiveCfg = Debug|Any CPU
		{B7545ADB-3FF0-4B5D-A9BE-AEE1D4FD63DA}.Debug|Any CPU.Build.0 = Debug|Any CPU
		{B7545ADB-3FF0-4B5D-A9BE-AEE1D4FD63DA}.Release|Any CPU.ActiveCfg = Release|Any CPU
		{B7545ADB-3FF0-4B5D-A9BE-AEE1D4FD63DA}.Release|Any CPU.Build.0 = Release|Any CPU
	EndGlobalSection
	GlobalSection(SolutionProperties) = preSolution
		HideSolutionNode = FALSE
	EndGlobalSection
	GlobalSection(ExtensibilityGlobals) = postSolution
		SolutionGuid = {B5A176B2-775C-45EC-A7FF-4D1BED1B8FED}
	EndGlobalSection
EndGlobal
